
Microsoft Visual Studio Solution File, Format Version 12.00
# Visual Studio Version 16
VisualStudioVersion = 16.0.29519.87
MinimumVisualStudioVersion = 10.0.40219.1
Project("{9A19103F-16F7-4668-BE54-9A1E7A4F7556}") = "NxtpServer", "NxtpServer\NxtpServer.csproj", "{EFA8799F-C075-4152-8CB5-F6B49F9E7EF0}"
	ProjectSection(ProjectDependencies) = postProject
		{332E1FC2-16AA-4FC4-9DA6-D37D032AD9EC} = {332E1FC2-16AA-4FC4-9DA6-D37D032AD9EC}
	EndProjectSection
EndProject
Project("{FAE04EC0-301F-11D3-BF4B-00C04F79EFBC}") = "NxtpClient", "NxtpClient\NxtpClient.csproj", "{563E8E72-0D50-4C15-B16F-8CD71845EF33}"
	ProjectSection(ProjectDependencies) = postProject
		{332E1FC2-16AA-4FC4-9DA6-D37D032AD9EC} = {332E1FC2-16AA-4FC4-9DA6-D37D032AD9EC}
	EndProjectSection
EndProject
Project("{FAE04EC0-301F-11D3-BF4B-00C04F79EFBC}") = "NxtpData", "NxtpData\NxtpData.csproj", "{332E1FC2-16AA-4FC4-9DA6-D37D032AD9EC}"
EndProject
Global
	GlobalSection(SolutionConfigurationPlatforms) = preSolution
		Debug|Any CPU = Debug|Any CPU
		Release|Any CPU = Release|Any CPU
	EndGlobalSection
	GlobalSection(ProjectConfigurationPlatforms) = postSolution
		{EFA8799F-C075-4152-8CB5-F6B49F9E7EF0}.Debug|Any CPU.ActiveCfg = Debug|Any CPU
		{EFA8799F-C075-4152-8CB5-F6B49F9E7EF0}.Debug|Any CPU.Build.0 = Debug|Any CPU
		{EFA8799F-C075-4152-8CB5-F6B49F9E7EF0}.Release|Any CPU.ActiveCfg = Release|Any CPU
		{EFA8799F-C075-4152-8CB5-F6B49F9E7EF0}.Release|Any CPU.Build.0 = Release|Any CPU
		{563E8E72-0D50-4C15-B16F-8CD71845EF33}.Debug|Any CPU.ActiveCfg = Debug|Any CPU
		{563E8E72-0D50-4C15-B16F-8CD71845EF33}.Debug|Any CPU.Build.0 = Debug|Any CPU
		{563E8E72-0D50-4C15-B16F-8CD71845EF33}.Release|Any CPU.ActiveCfg = Release|Any CPU
		{563E8E72-0D50-4C15-B16F-8CD71845EF33}.Release|Any CPU.Build.0 = Release|Any CPU
		{332E1FC2-16AA-4FC4-9DA6-D37D032AD9EC}.Debug|Any CPU.ActiveCfg = Debug|Any CPU
		{332E1FC2-16AA-4FC4-9DA6-D37D032AD9EC}.Debug|Any CPU.Build.0 = Debug|Any CPU
		{332E1FC2-16AA-4FC4-9DA6-D37D032AD9EC}.Release|Any CPU.ActiveCfg = Release|Any CPU
		{332E1FC2-16AA-4FC4-9DA6-D37D032AD9EC}.Release|Any CPU.Build.0 = Release|Any CPU
	EndGlobalSection
	GlobalSection(SolutionProperties) = preSolution
		HideSolutionNode = FALSE
	EndGlobalSection
	GlobalSection(ExtensibilityGlobals) = postSolution
		SolutionGuid = {9236E9A8-1C9C-4F91-AE19-7F7E065AAEF7}
	EndGlobalSection
EndGlobal
